
Microsoft Visual Studio Solution File, Format Version 12.00
# Visual Studio Version 16
VisualStudioVersion = 16.0.29326.143
MinimumVisualStudioVersion = 10.0.40219.1
Project("{FAE04EC0-301F-11D3-BF4B-00C04F79EFBC}") = "RelationshipSearch", "RelationshipSearch\RelationshipSearch.csproj", "{1A994EA0-7131-490E-AA05-B24F2F0CB27D}"
EndProject
Project("{FAE04EC0-301F-11D3-BF4B-00C04F79EFBC}") = "SearchLib", "SearchLib\SearchLib.csproj", "{C411EEBF-3473-42F9-81E7-DC5F3308013E}"
EndProject
Project("{FAE04EC0-301F-11D3-BF4B-00C04F79EFBC}") = "FamilyShowLib", "FamilyShowLib\FamilyShowLib.csproj", "{2D6E56AB-7C1D-4129-858C-E319BF04E7C8}"
EndProject
Global
	GlobalSection(SolutionConfigurationPlatforms) = preSolution
		Debug|Any CPU = Debug|Any CPU
		Release|Any CPU = Release|Any CPU
	EndGlobalSection
	GlobalSection(ProjectConfigurationPlatforms) = postSolution
		{1A994EA0-7131-490E-AA05-B24F2F0CB27D}.Debug|Any CPU.ActiveCfg = Debug|Any CPU
		{1A994EA0-7131-490E-AA05-B24F2F0CB27D}.Debug|Any CPU.Build.0 = Debug|Any CPU
		{1A994EA0-7131-490E-AA05-B24F2F0CB27D}.Release|Any CPU.ActiveCfg = Release|Any CPU
		{1A994EA0-7131-490E-AA05-B24F2F0CB27D}.Release|Any CPU.Build.0 = Release|Any CPU
		{C411EEBF-3473-42F9-81E7-DC5F3308013E}.Debug|Any CPU.ActiveCfg = Debug|Any CPU
		{C411EEBF-3473-42F9-81E7-DC5F3308013E}.Debug|Any CPU.Build.0 = Debug|Any CPU
		{C411EEBF-3473-42F9-81E7-DC5F3308013E}.Release|Any CPU.ActiveCfg = Release|Any CPU
		{C411EEBF-3473-42F9-81E7-DC5F3308013E}.Release|Any CPU.Build.0 = Release|Any CPU
		{2D6E56AB-7C1D-4129-858C-E319BF04E7C8}.Debug|Any CPU.ActiveCfg = Debug|Any CPU
		{2D6E56AB-7C1D-4129-858C-E319BF04E7C8}.Debug|Any CPU.Build.0 = Debug|Any CPU
		{2D6E56AB-7C1D-4129-858C-E319BF04E7C8}.Release|Any CPU.ActiveCfg = Release|Any CPU
		{2D6E56AB-7C1D-4129-858C-E319BF04E7C8}.Release|Any CPU.Build.0 = Release|Any CPU
	EndGlobalSection
	GlobalSection(SolutionProperties) = preSolution
		HideSolutionNode = FALSE
	EndGlobalSection
	GlobalSection(ExtensibilityGlobals) = postSolution
		SolutionGuid = {3E518D3A-3C2B-4852-A56C-881ADF34F2F9}
	EndGlobalSection
EndGlobal
